
Microsoft Visual Studio Solution File, Format Version 12.00
# Visual Studio 15
VisualStudioVersion = 15.0.26730.10
MinimumVisualStudioVersion = 10.0.40219.1
Project("{FAE04EC0-301F-11D3-BF4B-00C04F79EFBC}") = "Q2", "Q2\Q2.csproj", "{CDCA491A-7A8D-4EE9-AE8B-2CDB42E2664B}"
EndProject
Global
	GlobalSection(SolutionConfigurationPlatforms) = preSolution
		Debug|Any CPU = Debug|Any CPU
		Release|Any CPU = Release|Any CPU
	EndGlobalSection
	GlobalSection(ProjectConfigurationPlatforms) = postSolution
		{CDCA491A-7A8D-4EE9-AE8B-2CDB42E2664B}.Debug|Any CPU.ActiveCfg = Debug|Any CPU
		{CDCA491A-7A8D-4EE9-AE8B-2CDB42E2664B}.Debug|Any CPU.Build.0 = Debug|Any CPU
		{CDCA491A-7A8D-4EE9-AE8B-2CDB42E2664B}.Release|Any CPU.ActiveCfg = Release|Any CPU
		{CDCA491A-7A8D-4EE9-AE8B-2CDB42E2664B}.Release|Any CPU.Build.0 = Release|Any CPU
	EndGlobalSection
	GlobalSection(SolutionProperties) = preSolution
		HideSolutionNode = FALSE
	EndGlobalSection
	GlobalSection(ExtensibilityGlobals) = postSolution
		SolutionGuid = {3AD2BD53-D5CD-4CF1-B082-4D616196A95C}
	EndGlobalSection
EndGlobal
