
Microsoft Visual Studio Solution File, Format Version 12.00
# Visual Studio 2012
Project("{FAE04EC0-301F-11D3-BF4B-00C04F79EFBC}") = "dataaccess", "dataaccess\dataaccess.csproj", "{08306991-1D03-49EF-A9D8-2F48538505A4}"
EndProject
Global
	GlobalSection(SolutionConfigurationPlatforms) = preSolution
		Debug|Any CPU = Debug|Any CPU
		Release|Any CPU = Release|Any CPU
	EndGlobalSection
	GlobalSection(ProjectConfigurationPlatforms) = postSolution
		{08306991-1D03-49EF-A9D8-2F48538505A4}.Debug|Any CPU.ActiveCfg = Debug|Any CPU
		{08306991-1D03-49EF-A9D8-2F48538505A4}.Debug|Any CPU.Build.0 = Debug|Any CPU
		{08306991-1D03-49EF-A9D8-2F48538505A4}.Release|Any CPU.ActiveCfg = Release|Any CPU
		{08306991-1D03-49EF-A9D8-2F48538505A4}.Release|Any CPU.Build.0 = Release|Any CPU
	EndGlobalSection
	GlobalSection(SolutionProperties) = preSolution
		HideSolutionNode = FALSE
	EndGlobalSection
EndGlobal
